{
    "name": "tor-fetcher",
    "version": "1.0.0",
    "lockfileVersion": 3,
    "requires": true,
    "packages": {
        "": {
            "name": "tor-fetcher",
            "version": "1.0.0",
            "dependencies": {
                "puppeteer": "^21.3.8"
            }
        },
        "node_modules/@babel/code-frame": {
            "version": "7.26.2",
            "resolved": "https://pkgs.dev.azure.com/diemobiliar/RWC/_packaging/npm-main/npm/registry/@babel/code-frame/-/code-frame-7.26.2.tgz",
            "integrity": "sha1-S1+rl9MzOO/5FiNQVfDrwh5XOoU=",
            "license": "MIT",
            "dependencies": {
                "@babel/helper-validator-identifier": "^7.25.9",
                "js-tokens": "^4.0.0",
                "picocolors": "^1.0.0"
            },
            "engines": {
                "node": ">=6.9.0"
            }
        },
        "node_modules/@babel/helper-validator-identifier": {
            "version": "7.25.9",
            "resolved": "https://pkgs.dev.azure.com/diemobiliar/RWC/_packaging/npm-main/npm/registry/@babel/helper-validator-identifier/-/helper-validator-identifier-7.25.9.tgz",
            "integrity": "sha1-JLZOLD7HzTs8VHcpuNFocfIsvcc=",
            "license": "MIT",
            "engines": {
                "node": ">=6.9.0"
            }
        },
        "node_modules/@puppeteer/browsers": {
            "version": "1.9.1",
            "resolved": "https://pkgs.dev.azure.com/diemobiliar/RWC/_packaging/npm-main/npm/registry/@puppeteer/browsers/-/browsers-1.9.1.tgz",
            "integrity": "sha1-OE7osJeG8Oj2Kxkl5MSSQky1Se4=",
            "license": "Apache-2.0",
            "dependencies": {
                "debug": "4.3.4",
                "extract-zip": "2.0.1",
                "progress": "2.0.3",
                "proxy-agent": "6.3.1",
                "tar-fs": "3.0.4",
                "unbzip2-stream": "1.4.3",
                "yargs": "17.7.2"
            },
            "bin": {
                "browsers": "lib/cjs/main-cli.js"
            },
            "engines": {
                "node": ">=16.3.0"
            }
        },
        "node_modules/@tootallnate/quickjs-emscripten": {
            "version": "0.23.0",
            "resolved": "https://pkgs.dev.azure.com/diemobiliar/RWC/_packaging/npm-main/npm/registry/@tootallnate/quickjs-emscripten/-/quickjs-emscripten-0.23.0.tgz",
            "integrity": "sha1-207P1JmpdlqyQALDtpbQLm0yoSw=",
            "license": "MIT"
        },
        "node_modules/@types/node": {
            "version": "22.10.5",
            "resolved": "https://pkgs.dev.azure.com/diemobiliar/RWC/_packaging/npm-main/npm/registry/@types/node/-/node-22.10.5.tgz",
            "integrity": "sha1-la+Jo/t0ortB75kn8gbmRyAm5Is=",
            "license": "MIT",
            "optional": true,
            "dependencies": {
                "undici-types": "~6.20.0"
            }
        },
        "node_modules/@types/yauzl": {
            "version": "2.10.3",
            "resolved": "https://pkgs.dev.azure.com/diemobiliar/RWC/_packaging/npm-main/npm/registry/@types/yauzl/-/yauzl-2.10.3.tgz",
            "integrity": "sha1-6bKAi08QlQSgPNqVglmHb2EBeZk=",
            "license": "MIT",
            "optional": true,
            "dependencies": {
                "@types/node": "*"
            }
        },
        "node_modules/agent-base": {
            "version": "7.1.3",
            "resolved": "https://pkgs.dev.azure.com/diemobiliar/RWC/_packaging/npm-main/npm/registry/agent-base/-/agent-base-7.1.3.tgz",
            "integrity": "sha1-KUNeuCG8QZRjOluJ5bxHA7r8JaE=",
            "license": "MIT",
            "engines": {
                "node": ">= 14"
            }
        },
        "node_modules/ansi-regex": {
            "version": "5.0.1",
            "resolved": "https://pkgs.dev.azure.com/diemobiliar/RWC/_packaging/npm-main/npm/registry/ansi-regex/-/ansi-regex-5.0.1.tgz",
            "integrity": "sha1-CCyyyJyf6GWaMRpTvWpNxTAdswQ=",
            "license": "MIT",
            "engines": {
                "node": ">=8"
            }
        },
        "node_modules/ansi-styles": {
            "version": "4.3.0",
            "resolved": "https://pkgs.dev.azure.com/diemobiliar/RWC/_packaging/npm-main/npm/registry/ansi-styles/-/ansi-styles-4.3.0.tgz",
            "integrity": "sha1-7dgDYornHATIWuegkG7a00tkiTc=",
            "license": "MIT",
            "dependencies": {
                "color-convert": "^2.0.1"
            },
            "engines": {
                "node": ">=8"
            },
            "funding": {
                "url": "https://github.com/chalk/ansi-styles?sponsor=1"
            }
        },
        "node_modules/argparse": {
            "version": "2.0.1",
            "resolved": "https://pkgs.dev.azure.com/diemobiliar/RWC/_packaging/npm-main/npm/registry/argparse/-/argparse-2.0.1.tgz",
            "integrity": "sha1-JG9Q88p4oyQPbJl+ipvR6sSeSzg=",
            "license": "Python-2.0"
        },
        "node_modules/ast-types": {
            "version": "0.13.4",
            "resolved": "https://pkgs.dev.azure.com/diemobiliar/RWC/_packaging/npm-main/npm/registry/ast-types/-/ast-types-0.13.4.tgz",
            "integrity": "sha1-7g13s0MmOWXsw/ti2hbnIisrZ4I=",
            "license": "MIT",
            "dependencies": {
                "tslib": "^2.0.1"
            },
            "engines": {
                "node": ">=4"
            }
        },
        "node_modules/b4a": {
            "version": "1.6.7",
            "resolved": "https://pkgs.dev.azure.com/diemobiliar/RWC/_packaging/npm-main/npm/registry/b4a/-/b4a-1.6.7.tgz",
            "integrity": "sha1-qZWH1Ou/vVpuOyG9tdX6OFdnq+Q=",
            "license": "Apache-2.0"
        },
        "node_modules/bare-events": {
            "version": "2.5.3",
            "resolved": "https://pkgs.dev.azure.com/diemobiliar/RWC/_packaging/npm-main/npm/registry/bare-events/-/bare-events-2.5.3.tgz",
            "integrity": "sha1-iZ1+SyWYp5eO98oxXOZ+/woWpyc=",
            "license": "Apache-2.0",
            "optional": true
        },
        "node_modules/base64-js": {
            "version": "1.5.1",
            "resolved": "https://pkgs.dev.azure.com/diemobiliar/RWC/_packaging/npm-main/npm/registry/base64-js/-/base64-js-1.5.1.tgz",
            "integrity": "sha1-GxtEAWClv3rUC2UPCVljSBkDkwo=",
            "funding": [
                {
                    "type": "github",
                    "url": "https://github.com/sponsors/feross"
                },
                {
                    "type": "patreon",
                    "url": "https://www.patreon.com/feross"
                },
                {
                    "type": "consulting",
                    "url": "https://feross.org/support"
                }
            ],
            "license": "MIT"
        },
        "node_modules/basic-ftp": {
            "version": "5.0.5",
            "resolved": "https://pkgs.dev.azure.com/diemobiliar/RWC/_packaging/npm-main/npm/registry/basic-ftp/-/basic-ftp-5.0.5.tgz",
            "integrity": "sha1-FKR09f/+zKH09AbxwmsY+AAiWsA=",
            "license": "MIT",
            "engines": {
                "node": ">=10.0.0"
            }
        },
        "node_modules/buffer": {
            "version": "5.7.1",
            "resolved": "https://pkgs.dev.azure.com/diemobiliar/RWC/_packaging/npm-main/npm/registry/buffer/-/buffer-5.7.1.tgz",
            "integrity": "sha1-umLnwTEzBTWCGXFghRqPZI6Z7tA=",
            "funding": [
                {
                    "type": "github",
                    "url": "https://github.com/sponsors/feross"
                },
                {
                    "type": "patreon",
                    "url": "https://www.patreon.com/feross"
                },
                {
                    "type": "consulting",
                    "url": "https://feross.org/support"
                }
            ],
            "license": "MIT",
            "dependencies": {
                "base64-js": "^1.3.1",
                "ieee754": "^1.1.13"
            }
        },
        "node_modules/buffer-crc32": {
            "version": "0.2.13",
            "resolved": "https://pkgs.dev.azure.com/diemobiliar/RWC/_packaging/npm-main/npm/registry/buffer-crc32/-/buffer-crc32-0.2.13.tgz",
            "integrity": "sha1-DTM+PwDqxQqhRUq9MO+MKl2ackI=",
            "license": "MIT",
            "engines": {
                "node": "*"
            }
        },
        "node_modules/callsites": {
            "version": "3.1.0",
            "resolved": "https://pkgs.dev.azure.com/diemobiliar/RWC/_packaging/npm-main/npm/registry/callsites/-/callsites-3.1.0.tgz",
            "integrity": "sha1-s2MKvYlDQy9Us/BRkjjjPNffL3M=",
            "license": "MIT",
            "engines": {
                "node": ">=6"
            }
        },
        "node_modules/chromium-bidi": {
            "version": "0.5.8",
            "resolved": "https://pkgs.dev.azure.com/diemobiliar/RWC/_packaging/npm-main/npm/registry/chromium-bidi/-/chromium-bidi-0.5.8.tgz",
            "integrity": "sha1-UFMDhCXAYu00ubyXPoTnneClzvA=",
            "license": "Apache-2.0",
            "dependencies": {
                "mitt": "3.0.1",
                "urlpattern-polyfill": "10.0.0"
            },
            "peerDependencies": {
                "devtools-protocol": "*"
            }
        },
        "node_modules/cliui": {
            "version": "8.0.1",
            "resolved": "https://pkgs.dev.azure.com/diemobiliar/RWC/_packaging/npm-main/npm/registry/cliui/-/cliui-8.0.1.tgz",
            "integrity": "sha1-DASwddsCy/5g3I5s8vVIaxo2CKo=",
            "license": "ISC",
            "dependencies": {
                "string-width": "^4.2.0",
                "strip-ansi": "^6.0.1",
                "wrap-ansi": "^7.0.0"
            },
            "engines": {
                "node": ">=12"
            }
        },
        "node_modules/color-convert": {
            "version": "2.0.1",
            "resolved": "https://pkgs.dev.azure.com/diemobiliar/RWC/_packaging/npm-main/npm/registry/color-convert/-/color-convert-2.0.1.tgz",
            "integrity": "sha1-ctOmjVmMm9s68q0ehPIdiWq9TeM=",
            "license": "MIT",
            "dependencies": {
                "color-name": "~1.1.4"
            },
            "engines": {
                "node": ">=7.0.0"
            }
        },
        "node_modules/color-name": {
            "version": "1.1.4",
            "resolved": "https://pkgs.dev.azure.com/diemobiliar/RWC/_packaging/npm-main/npm/registry/color-name/-/color-name-1.1.4.tgz",
            "integrity": "sha1-wqCah6y95pVD3m9j+jmVyCbFNqI=",
            "license": "MIT"
        },
        "node_modules/cosmiconfig": {
            "version": "9.0.0",
            "resolved": "https://pkgs.dev.azure.com/diemobiliar/RWC/_packaging/npm-main/npm/registry/cosmiconfig/-/cosmiconfig-9.0.0.tgz",
            "integrity": "sha1-NMP8WCh7kV866QWrbcPeJYtVrZ0=",
            "license": "MIT",
            "dependencies": {
                "env-paths": "^2.2.1",
                "import-fresh": "^3.3.0",
                "js-yaml": "^4.1.0",
                "parse-json": "^5.2.0"
            },
            "engines": {
                "node": ">=14"
            },
            "funding": {
                "url": "https://github.com/sponsors/d-fischer"
            },
            "peerDependencies": {
                "typescript": ">=4.9.5"
            },
            "peerDependenciesMeta": {
                "typescript": {
                    "optional": true
                }
            }
        },
        "node_modules/cross-fetch": {
            "version": "4.0.0",
            "resolved": "https://pkgs.dev.azure.com/diemobiliar/RWC/_packaging/npm-main/npm/registry/cross-fetch/-/cross-fetch-4.0.0.tgz",
            "integrity": "sha1-8Deu8VgLs6GjUWTqKoSLqBtEWYM=",
            "license": "MIT",
            "dependencies": {
                "node-fetch": "^2.6.12"
            }
        },
        "node_modules/data-uri-to-buffer": {
            "version": "6.0.2",
            "resolved": "https://pkgs.dev.azure.com/diemobiliar/RWC/_packaging/npm-main/npm/registry/data-uri-to-buffer/-/data-uri-to-buffer-6.0.2.tgz",
            "integrity": "sha1-ili7ZzhLJho47xi+oYEMsBut0os=",
            "license": "MIT",
            "engines": {
                "node": ">= 14"
            }
        },
        "node_modules/debug": {
            "version": "4.3.4",
            "resolved": "https://pkgs.dev.azure.com/diemobiliar/RWC/_packaging/npm-main/npm/registry/debug/-/debug-4.3.4.tgz",
            "integrity": "sha1-Exn2V5NX8jONMzfSzdSRS7XcyGU=",
            "license": "MIT",
            "dependencies": {
                "ms": "2.1.2"
            },
            "engines": {
                "node": ">=6.0"
            },
            "peerDependenciesMeta": {
                "supports-color": {
                    "optional": true
                }
            }
        },
        "node_modules/degenerator": {
            "version": "5.0.1",
            "resolved": "https://pkgs.dev.azure.com/diemobiliar/RWC/_packaging/npm-main/npm/registry/degenerator/-/degenerator-5.0.1.tgz",
            "integrity": "sha1-lAO/KXxtrZoezkCbN9snlU+R8vU=",
            "license": "MIT",
            "dependencies": {
                "ast-types": "^0.13.4",
                "escodegen": "^2.1.0",
                "esprima": "^4.0.1"
            },
            "engines": {
                "node": ">= 14"
            }
        },
        "node_modules/devtools-protocol": {
            "version": "0.0.1232444",
            "resolved": "https://pkgs.dev.azure.com/diemobiliar/RWC/_packaging/npm-main/npm/registry/devtools-protocol/-/devtools-protocol-0.0.1232444.tgz",
            "integrity": "sha1-QGNFqQqHG6hSxTDXNIInUjSTbu0=",
            "license": "BSD-3-Clause"
        },
        "node_modules/emoji-regex": {
            "version": "8.0.0",
            "resolved": "https://pkgs.dev.azure.com/diemobiliar/RWC/_packaging/npm-main/npm/registry/emoji-regex/-/emoji-regex-8.0.0.tgz",
            "integrity": "sha1-6Bj9ac5cz8tARZT4QpY79TFkzDc=",
            "license": "MIT"
        },
        "node_modules/end-of-stream": {
            "version": "1.4.4",
            "resolved": "https://pkgs.dev.azure.com/diemobiliar/RWC/_packaging/npm-main/npm/registry/end-of-stream/-/end-of-stream-1.4.4.tgz",
            "integrity": "sha1-WuZKX0UFe682JuwU2gyl5LJDHrA=",
            "license": "MIT",
            "dependencies": {
                "once": "^1.4.0"
            }
        },
        "node_modules/env-paths": {
            "version": "2.2.1",
            "resolved": "https://pkgs.dev.azure.com/diemobiliar/RWC/_packaging/npm-main/npm/registry/env-paths/-/env-paths-2.2.1.tgz",
            "integrity": "sha1-QgOZ1BbOH76bwKB8Yvpo1n/Q+PI=",
            "license": "MIT",
            "engines": {
                "node": ">=6"
            }
        },
        "node_modules/error-ex": {
            "version": "1.3.2",
            "resolved": "https://pkgs.dev.azure.com/diemobiliar/RWC/_packaging/npm-main/npm/registry/error-ex/-/error-ex-1.3.2.tgz",
            "integrity": "sha1-tKxAZIEH/c3PriQvQovqihTU8b8=",
            "license": "MIT",
            "dependencies": {
                "is-arrayish": "^0.2.1"
            }
        },
        "node_modules/escalade": {
            "version": "3.2.0",
            "resolved": "https://pkgs.dev.azure.com/diemobiliar/RWC/_packaging/npm-main/npm/registry/escalade/-/escalade-3.2.0.tgz",
            "integrity": "sha1-ARo/aYVroYnf+n3I/M6Z0qh5A+U=",
            "license": "MIT",
            "engines": {
                "node": ">=6"
            }
        },
        "node_modules/escodegen": {
            "version": "2.1.0",
            "resolved": "https://pkgs.dev.azure.com/diemobiliar/RWC/_packaging/npm-main/npm/registry/escodegen/-/escodegen-2.1.0.tgz",
            "integrity": "sha1-upO7t6Q5htKdYEH5n1Ji2nc+Lhc=",
            "license": "BSD-2-Clause",
            "dependencies": {
                "esprima": "^4.0.1",
                "estraverse": "^5.2.0",
                "esutils": "^2.0.2"
            },
            "bin": {
                "escodegen": "bin/escodegen.js",
                "esgenerate": "bin/esgenerate.js"
            },
            "engines": {
                "node": ">=6.0"
            },
            "optionalDependencies": {
                "source-map": "~0.6.1"
            }
        },
        "node_modules/esprima": {
            "version": "4.0.1",
            "resolved": "https://pkgs.dev.azure.com/diemobiliar/RWC/_packaging/npm-main/npm/registry/esprima/-/esprima-4.0.1.tgz",
            "integrity": "sha1-E7BM2z5sXRnfkatph6hpVhmwqnE=",
            "license": "BSD-2-Clause",
            "bin": {
                "esparse": "bin/esparse.js",
                "esvalidate": "bin/esvalidate.js"
            },
            "engines": {
                "node": ">=4"
            }
        },
        "node_modules/estraverse": {
            "version": "5.3.0",
            "resolved": "https://pkgs.dev.azure.com/diemobiliar/RWC/_packaging/npm-main/npm/registry/estraverse/-/estraverse-5.3.0.tgz",
            "integrity": "sha1-LupSkHAvJquP5TcDcP+GyWXSESM=",
            "license": "BSD-2-Clause",
            "engines": {
                "node": ">=4.0"
            }
        },
        "node_modules/esutils": {
            "version": "2.0.3",
            "resolved": "https://pkgs.dev.azure.com/diemobiliar/RWC/_packaging/npm-main/npm/registry/esutils/-/esutils-2.0.3.tgz",
            "integrity": "sha1-dNLrTeC42hKTcRkQ1Qd1ubcQ72Q=",
            "license": "BSD-2-Clause",
            "engines": {
                "node": ">=0.10.0"
            }
        },
        "node_modules/extract-zip": {
            "version": "2.0.1",
            "resolved": "https://pkgs.dev.azure.com/diemobiliar/RWC/_packaging/npm-main/npm/registry/extract-zip/-/extract-zip-2.0.1.tgz",
            "integrity": "sha1-Zj3KVv5G34kNXxMe9KBtIruLoTo=",
            "license": "BSD-2-Clause",
            "dependencies": {
                "debug": "^4.1.1",
                "get-stream": "^5.1.0",
                "yauzl": "^2.10.0"
            },
            "bin": {
                "extract-zip": "cli.js"
            },
            "engines": {
                "node": ">= 10.17.0"
            },
            "optionalDependencies": {
                "@types/yauzl": "^2.9.1"
            }
        },
        "node_modules/fast-fifo": {
            "version": "1.3.2",
            "resolved": "https://pkgs.dev.azure.com/diemobiliar/RWC/_packaging/npm-main/npm/registry/fast-fifo/-/fast-fifo-1.3.2.tgz",
            "integrity": "sha1-KG4x3pbrltOKl4mYFXQLoqTzZAw=",
            "license": "MIT"
        },
        "node_modules/fd-slicer": {
            "version": "1.1.0",
            "resolved": "https://pkgs.dev.azure.com/diemobiliar/RWC/_packaging/npm-main/npm/registry/fd-slicer/-/fd-slicer-1.1.0.tgz",
            "integrity": "sha1-JcfInLH5B3+IkbvmHY85Dq4lbx4=",
            "license": "MIT",
            "dependencies": {
                "pend": "~1.2.0"
            }
        },
        "node_modules/get-caller-file": {
            "version": "2.0.5",
            "resolved": "https://pkgs.dev.azure.com/diemobiliar/RWC/_packaging/npm-main/npm/registry/get-caller-file/-/get-caller-file-2.0.5.tgz",
            "integrity": "sha1-T5RBKoLbMvNuOwuXQfipf+sDH34=",
            "license": "ISC",
            "engines": {
                "node": "6.* || 8.* || >= 10.*"
            }
        },
        "node_modules/get-stream": {
            "version": "5.2.0",
            "resolved": "https://pkgs.dev.azure.com/diemobiliar/RWC/_packaging/npm-main/npm/registry/get-stream/-/get-stream-5.2.0.tgz",
            "integrity": "sha1-SWaheV7lrOZecGxLe+txJX1uItM=",
            "license": "MIT",
            "dependencies": {
                "pump": "^3.0.0"
            },
            "engines": {
                "node": ">=8"
            },
            "funding": {
                "url": "https://github.com/sponsors/sindresorhus"
            }
        },
        "node_modules/get-uri": {
            "version": "6.0.4",
            "resolved": "https://pkgs.dev.azure.com/diemobiliar/RWC/_packaging/npm-main/npm/registry/get-uri/-/get-uri-6.0.4.tgz",
            "integrity": "sha1-barunhL5dZ4Z5VujE5Vog+9Q4Kc=",
            "license": "MIT",
            "dependencies": {
                "basic-ftp": "^5.0.2",
                "data-uri-to-buffer": "^6.0.2",
                "debug": "^4.3.4"
            },
            "engines": {
                "node": ">= 14"
            }
        },
        "node_modules/http-proxy-agent": {
            "version": "7.0.2",
            "resolved": "https://pkgs.dev.azure.com/diemobiliar/RWC/_packaging/npm-main/npm/registry/http-proxy-agent/-/http-proxy-agent-7.0.2.tgz",
            "integrity": "sha1-mosfJGhmwChQlIZYX2K48sGMJw4=",
            "license": "MIT",
            "dependencies": {
                "agent-base": "^7.1.0",
                "debug": "^4.3.4"
            },
            "engines": {
                "node": ">= 14"
            }
        },
        "node_modules/https-proxy-agent": {
            "version": "7.0.6",
            "resolved": "https://pkgs.dev.azure.com/diemobiliar/RWC/_packaging/npm-main/npm/registry/https-proxy-agent/-/https-proxy-agent-7.0.6.tgz",
            "integrity": "sha1-2o3+rH2hMLBcK6S1nJts1mYRprk=",
            "license": "MIT",
            "dependencies": {
                "agent-base": "^7.1.2",
                "debug": "4"
            },
            "engines": {
                "node": ">= 14"
            }
        },
        "node_modules/ieee754": {
            "version": "1.2.1",
            "resolved": "https://pkgs.dev.azure.com/diemobiliar/RWC/_packaging/npm-main/npm/registry/ieee754/-/ieee754-1.2.1.tgz",
            "integrity": "sha1-jrehCmP/8l0VpXsAFYbRd9Gw01I=",
            "funding": [
                {
                    "type": "github",
                    "url": "https://github.com/sponsors/feross"
                },
                {
                    "type": "patreon",
                    "url": "https://www.patreon.com/feross"
                },
                {
                    "type": "consulting",
                    "url": "https://feross.org/support"
                }
            ],
            "license": "BSD-3-Clause"
        },
        "node_modules/import-fresh": {
            "version": "3.3.0",
            "resolved": "https://pkgs.dev.azure.com/diemobiliar/RWC/_packaging/npm-main/npm/registry/import-fresh/-/import-fresh-3.3.0.tgz",
            "integrity": "sha1-NxYsJfy566oublPVtNiM4X2eDCs=",
            "license": "MIT",
            "dependencies": {
                "parent-module": "^1.0.0",
                "resolve-from": "^4.0.0"
            },
            "engines": {
                "node": ">=6"
            },
            "funding": {
                "url": "https://github.com/sponsors/sindresorhus"
            }
        },
        "node_modules/ip-address": {
            "version": "9.0.5",
            "resolved": "https://pkgs.dev.azure.com/diemobiliar/RWC/_packaging/npm-main/npm/registry/ip-address/-/ip-address-9.0.5.tgz",
            "integrity": "sha1-EXqWCBmwh4DDvR8U7zwcwdPz6lo=",
            "license": "MIT",
            "dependencies": {
                "jsbn": "1.1.0",
                "sprintf-js": "^1.1.3"
            },
            "engines": {
                "node": ">= 12"
            }
        },
        "node_modules/is-arrayish": {
            "version": "0.2.1",
            "resolved": "https://pkgs.dev.azure.com/diemobiliar/RWC/_packaging/npm-main/npm/registry/is-arrayish/-/is-arrayish-0.2.1.tgz",
            "integrity": "sha1-d8mYQFJ6qOyxqLppe4BkWnqSap0=",
            "license": "MIT"
        },
        "node_modules/is-fullwidth-code-point": {
            "version": "3.0.0",
            "resolved": "https://pkgs.dev.azure.com/diemobiliar/RWC/_packaging/npm-main/npm/registry/is-fullwidth-code-point/-/is-fullwidth-code-point-3.0.0.tgz",
            "integrity": "sha1-8Rb4Bk/pCz94RKOJl8C3UFEmnx0=",
            "license": "MIT",
            "engines": {
                "node": ">=8"
            }
        },
        "node_modules/js-tokens": {
            "version": "4.0.0",
            "resolved": "https://pkgs.dev.azure.com/diemobiliar/RWC/_packaging/npm-main/npm/registry/js-tokens/-/js-tokens-4.0.0.tgz",
            "integrity": "sha1-GSA/tZmR35jjoocFDUZHzerzJJk=",
            "license": "MIT"
        },
        "node_modules/js-yaml": {
            "version": "4.1.0",
            "resolved": "https://pkgs.dev.azure.com/diemobiliar/RWC/_packaging/npm-main/npm/registry/js-yaml/-/js-yaml-4.1.0.tgz",
            "integrity": "sha1-wftl+PUBeQHN0slRhkuhhFihBgI=",
            "license": "MIT",
            "dependencies": {
                "argparse": "^2.0.1"
            },
            "bin": {
                "js-yaml": "bin/js-yaml.js"
            }
        },
        "node_modules/jsbn": {
            "version": "1.1.0",
            "resolved": "https://pkgs.dev.azure.com/diemobiliar/RWC/_packaging/npm-main/npm/registry/jsbn/-/jsbn-1.1.0.tgz",
            "integrity": "sha1-sBMHyym2GKHtJux56RH4A8TaAEA=",
            "license": "MIT"
        },
        "node_modules/json-parse-even-better-errors": {
            "version": "2.3.1",
            "resolved": "https://pkgs.dev.azure.com/diemobiliar/RWC/_packaging/npm-main/npm/registry/json-parse-even-better-errors/-/json-parse-even-better-errors-2.3.1.tgz",
            "integrity": "sha1-fEeAWpQxmSjgV3dAXcEuH3pO4C0=",
            "license": "MIT"
        },
        "node_modules/lines-and-columns": {
            "version": "1.2.4",
            "resolved": "https://pkgs.dev.azure.com/diemobiliar/RWC/_packaging/npm-main/npm/registry/lines-and-columns/-/lines-and-columns-1.2.4.tgz",
            "integrity": "sha1-7KKE910pZQeTCdwK2SVauy68FjI=",
            "license": "MIT"
        },
        "node_modules/lru-cache": {
            "version": "7.18.3",
            "resolved": "https://pkgs.dev.azure.com/diemobiliar/RWC/_packaging/npm-main/npm/registry/lru-cache/-/lru-cache-7.18.3.tgz",
            "integrity": "sha1-95OJbg/Q6VSlnf3YLwdzgI32qok=",
            "license": "ISC",
            "engines": {
                "node": ">=12"
            }
        },
        "node_modules/mitt": {
            "version": "3.0.1",
            "resolved": "https://pkgs.dev.azure.com/diemobiliar/RWC/_packaging/npm-main/npm/registry/mitt/-/mitt-3.0.1.tgz",
            "integrity": "sha1-6jbPDMMEA2Aa4HTI93twks2rNtE=",
            "license": "MIT"
        },
        "node_modules/mkdirp-classic": {
            "version": "0.5.3",
            "resolved": "https://pkgs.dev.azure.com/diemobiliar/RWC/_packaging/npm-main/npm/registry/mkdirp-classic/-/mkdirp-classic-0.5.3.tgz",
            "integrity": "sha1-+hDJEVzG2IZb4iG6R+6b7XhgERM=",
            "license": "MIT"
        },
        "node_modules/ms": {
            "version": "2.1.2",
            "resolved": "https://pkgs.dev.azure.com/diemobiliar/RWC/_packaging/npm-main/npm/registry/ms/-/ms-2.1.2.tgz",
            "integrity": "sha1-0J0fNXtEP0kzgqjrPM0YOHKuYAk=",
            "license": "MIT"
        },
        "node_modules/netmask": {
            "version": "2.0.2",
            "resolved": "https://pkgs.dev.azure.com/diemobiliar/RWC/_packaging/npm-main/npm/registry/netmask/-/netmask-2.0.2.tgz",
            "integrity": "sha1-iwGgdkQGXVNjg4NYI7xSAE66xec=",
            "license": "MIT",
            "engines": {
                "node": ">= 0.4.0"
            }
        },
        "node_modules/node-fetch": {
            "version": "2.7.0",
            "resolved": "https://pkgs.dev.azure.com/diemobiliar/RWC/_packaging/npm-main/npm/registry/node-fetch/-/node-fetch-2.7.0.tgz",
            "integrity": "sha1-0PD6bj4twdJ+/NitmdVQvalNGH0=",
            "license": "MIT",
            "dependencies": {
                "whatwg-url": "^5.0.0"
            },
            "engines": {
                "node": "4.x || >=6.0.0"
            },
            "peerDependencies": {
                "encoding": "^0.1.0"
            },
            "peerDependenciesMeta": {
                "encoding": {
                    "optional": true
                }
            }
        },
        "node_modules/once": {
            "version": "1.4.0",
            "resolved": "https://pkgs.dev.azure.com/diemobiliar/RWC/_packaging/npm-main/npm/registry/once/-/once-1.4.0.tgz",
            "integrity": "sha1-WDsap3WWHUsROsF9nFC6753Xa9E=",
            "license": "ISC",
            "dependencies": {
                "wrappy": "1"
            }
        },
        "node_modules/pac-proxy-agent": {
            "version": "7.1.0",
            "resolved": "https://pkgs.dev.azure.com/diemobiliar/RWC/_packaging/npm-main/npm/registry/pac-proxy-agent/-/pac-proxy-agent-7.1.0.tgz",
            "integrity": "sha1-2nw7XEzMxmVaqvtwGuFA+yPxXfI=",
            "license": "MIT",
            "dependencies": {
                "@tootallnate/quickjs-emscripten": "^0.23.0",
                "agent-base": "^7.1.2",
                "debug": "^4.3.4",
                "get-uri": "^6.0.1",
                "http-proxy-agent": "^7.0.0",
                "https-proxy-agent": "^7.0.6",
                "pac-resolver": "^7.0.1",
                "socks-proxy-agent": "^8.0.5"
            },
            "engines": {
                "node": ">= 14"
            }
        },
        "node_modules/pac-resolver": {
            "version": "7.0.1",
            "resolved": "https://pkgs.dev.azure.com/diemobiliar/RWC/_packaging/npm-main/npm/registry/pac-resolver/-/pac-resolver-7.0.1.tgz",
            "integrity": "sha1-VGdVWOo2i2TSEP2ckqZAtfO4q7Y=",
            "license": "MIT",
            "dependencies": {
                "degenerator": "^5.0.0",
                "netmask": "^2.0.2"
            },
            "engines": {
                "node": ">= 14"
            }
        },
        "node_modules/parent-module": {
            "version": "1.0.1",
            "resolved": "https://pkgs.dev.azure.com/diemobiliar/RWC/_packaging/npm-main/npm/registry/parent-module/-/parent-module-1.0.1.tgz",
            "integrity": "sha1-aR0nCeeMefrjoVZiJFLQB2LKqqI=",
            "license": "MIT",
            "dependencies": {
                "callsites": "^3.0.0"
            },
            "engines": {
                "node": ">=6"
            }
        },
        "node_modules/parse-json": {
            "version": "5.2.0",
            "resolved": "https://pkgs.dev.azure.com/diemobiliar/RWC/_packaging/npm-main/npm/registry/parse-json/-/parse-json-5.2.0.tgz",
            "integrity": "sha1-x2/Gbe5UIxyWKyK8yKcs8vmXU80=",
            "license": "MIT",
            "dependencies": {
                "@babel/code-frame": "^7.0.0",
                "error-ex": "^1.3.1",
                "json-parse-even-better-errors": "^2.3.0",
                "lines-and-columns": "^1.1.6"
            },
            "engines": {
                "node": ">=8"
            },
            "funding": {
                "url": "https://github.com/sponsors/sindresorhus"
            }
        },
        "node_modules/pend": {
            "version": "1.2.0",
            "resolved": "https://pkgs.dev.azure.com/diemobiliar/RWC/_packaging/npm-main/npm/registry/pend/-/pend-1.2.0.tgz",
            "integrity": "sha1-elfrVQpng/kRUzH89GY9XI4AelA=",
            "license": "MIT"
        },
        "node_modules/picocolors": {
            "version": "1.1.1",
            "resolved": "https://pkgs.dev.azure.com/diemobiliar/RWC/_packaging/npm-main/npm/registry/picocolors/-/picocolors-1.1.1.tgz",
            "integrity": "sha1-PTIa8+q5ObCDyPkpodEs2oHCa2s=",
            "license": "ISC"
        },
        "node_modules/progress": {
            "version": "2.0.3",
            "resolved": "https://pkgs.dev.azure.com/diemobiliar/RWC/_packaging/npm-main/npm/registry/progress/-/progress-2.0.3.tgz",
            "integrity": "sha1-foz42PW48jnBvGi+tOt4Vn1XLvg=",
            "license": "MIT",
            "engines": {
                "node": ">=0.4.0"
            }
        },
        "node_modules/proxy-agent": {
            "version": "6.3.1",
            "resolved": "https://pkgs.dev.azure.com/diemobiliar/RWC/_packaging/npm-main/npm/registry/proxy-agent/-/proxy-agent-6.3.1.tgz",
            "integrity": "sha1-QOeyMFUs9E/SP/r3xZAktpJhJoc=",
            "license": "MIT",
            "dependencies": {
                "agent-base": "^7.0.2",
                "debug": "^4.3.4",
                "http-proxy-agent": "^7.0.0",
                "https-proxy-agent": "^7.0.2",
                "lru-cache": "^7.14.1",
                "pac-proxy-agent": "^7.0.1",
                "proxy-from-env": "^1.1.0",
                "socks-proxy-agent": "^8.0.2"
            },
            "engines": {
                "node": ">= 14"
            }
        },
        "node_modules/proxy-from-env": {
            "version": "1.1.0",
            "resolved": "https://pkgs.dev.azure.com/diemobiliar/RWC/_packaging/npm-main/npm/registry/proxy-from-env/-/proxy-from-env-1.1.0.tgz",
            "integrity": "sha1-4QLxbKNVQkhldV0sno6k8k1Yw+I=",
            "license": "MIT"
        },
        "node_modules/pump": {
            "version": "3.0.2",
            "resolved": "https://pkgs.dev.azure.com/diemobiliar/RWC/_packaging/npm-main/npm/registry/pump/-/pump-3.0.2.tgz",
            "integrity": "sha1-g28+3WvC7lmSVskk/+DYhXPdy/g=",
            "license": "MIT",
            "dependencies": {
                "end-of-stream": "^1.1.0",
                "once": "^1.3.1"
            }
        },
        "node_modules/puppeteer": {
            "version": "21.11.0",
            "resolved": "https://pkgs.dev.azure.com/diemobiliar/RWC/_packaging/npm-main/npm/registry/puppeteer/-/puppeteer-21.11.0.tgz",
            "integrity": "sha1-RuZAZ7dCsOF6O43GaLxDf0XN2fE=",
            "hasInstallScript": true,
            "license": "Apache-2.0",
            "dependencies": {
                "@puppeteer/browsers": "1.9.1",
                "cosmiconfig": "9.0.0",
                "puppeteer-core": "21.11.0"
            },
            "bin": {
                "puppeteer": "lib/esm/puppeteer/node/cli.js"
            },
            "engines": {
                "node": ">=16.13.2"
            }
        },
        "node_modules/puppeteer-core": {
            "version": "21.11.0",
            "resolved": "https://pkgs.dev.azure.com/diemobiliar/RWC/_packaging/npm-main/npm/registry/puppeteer-core/-/puppeteer-core-21.11.0.tgz",
            "integrity": "sha1-bGDsNQ8aOiFSF5xoFm2m7fzhiiM=",
            "license": "Apache-2.0",
            "dependencies": {
                "@puppeteer/browsers": "1.9.1",
                "chromium-bidi": "0.5.8",
                "cross-fetch": "4.0.0",
                "debug": "4.3.4",
                "devtools-protocol": "0.0.1232444",
                "ws": "8.16.0"
            },
            "engines": {
                "node": ">=16.13.2"
            }
        },
        "node_modules/queue-tick": {
            "version": "1.0.1",
            "resolved": "https://pkgs.dev.azure.com/diemobiliar/RWC/_packaging/npm-main/npm/registry/queue-tick/-/queue-tick-1.0.1.tgz",
            "integrity": "sha1-9vB6yCwf1g+C4Ji0F6gOUvH0wUI=",
            "license": "MIT"
        },
        "node_modules/require-directory": {
            "version": "2.1.1",
            "resolved": "https://pkgs.dev.azure.com/diemobiliar/RWC/_packaging/npm-main/npm/registry/require-directory/-/require-directory-2.1.1.tgz",
            "integrity": "sha1-jGStX9MNqxyXbiNE/+f3kqam30I=",
            "license": "MIT",
            "engines": {
                "node": ">=0.10.0"
            }
        },
        "node_modules/resolve-from": {
            "version": "4.0.0",
            "resolved": "https://pkgs.dev.azure.com/diemobiliar/RWC/_packaging/npm-main/npm/registry/resolve-from/-/resolve-from-4.0.0.tgz",
            "integrity": "sha1-SrzYUq0y3Xuqv+m0DgCjbbXzkuY=",
            "license": "MIT",
            "engines": {
                "node": ">=4"
            }
        },
        "node_modules/smart-buffer": {
            "version": "4.2.0",
            "resolved": "https://pkgs.dev.azure.com/diemobiliar/RWC/_packaging/npm-main/npm/registry/smart-buffer/-/smart-buffer-4.2.0.tgz",
            "integrity": "sha1-bh1x+k8YwF99D/IW3RakgdDo2a4=",
            "license": "MIT",
            "engines": {
                "node": ">= 6.0.0",
                "npm": ">= 3.0.0"
            }
        },
        "node_modules/socks": {
            "version": "2.8.3",
            "resolved": "https://pkgs.dev.azure.com/diemobiliar/RWC/_packaging/npm-main/npm/registry/socks/-/socks-2.8.3.tgz",
            "integrity": "sha1-Hr0PCcUrqVoJdQr+Pz+fckqADLU=",
            "license": "MIT",
            "dependencies": {
                "ip-address": "^9.0.5",
                "smart-buffer": "^4.2.0"
            },
            "engines": {
                "node": ">= 10.0.0",
                "npm": ">= 3.0.0"
            }
        },
        "node_modules/socks-proxy-agent": {
            "version": "8.0.5",
            "resolved": "https://pkgs.dev.azure.com/diemobiliar/RWC/_packaging/npm-main/npm/registry/socks-proxy-agent/-/socks-proxy-agent-8.0.5.tgz",
            "integrity": "sha1-uc205+mYUJ12WdaJznaXrCFkW+4=",
            "license": "MIT",
            "dependencies": {
                "agent-base": "^7.1.2",
                "debug": "^4.3.4",
                "socks": "^2.8.3"
            },
            "engines": {
                "node": ">= 14"
            }
        },
        "node_modules/source-map": {
            "version": "0.6.1",
            "resolved": "https://pkgs.dev.azure.com/diemobiliar/RWC/_packaging/npm-main/npm/registry/source-map/-/source-map-0.6.1.tgz",
            "integrity": "sha1-dHIq8y6WFOnCh6jQu95IteLxomM=",
            "license": "BSD-3-Clause",
            "optional": true,
            "engines": {
                "node": ">=0.10.0"
            }
        },
        "node_modules/sprintf-js": {
            "version": "1.1.3",
            "resolved": "https://pkgs.dev.azure.com/diemobiliar/RWC/_packaging/npm-main/npm/registry/sprintf-js/-/sprintf-js-1.1.3.tgz",
            "integrity": "sha1-SRS5A6L4toXRf994pw6RfocuREo=",
            "license": "BSD-3-Clause"
        },
        "node_modules/streamx": {
            "version": "2.21.1",
            "resolved": "https://pkgs.dev.azure.com/diemobiliar/RWC/_packaging/npm-main/npm/registry/streamx/-/streamx-2.21.1.tgz",
            "integrity": "sha1-8Cl52Dlba2N9CKWJ+1FEmL7VWEU=",
            "license": "MIT",
            "dependencies": {
                "fast-fifo": "^1.3.2",
                "queue-tick": "^1.0.1",
                "text-decoder": "^1.1.0"
            },
            "optionalDependencies": {
                "bare-events": "^2.2.0"
            }
        },
        "node_modules/string-width": {
            "version": "4.2.3",
            "resolved": "https://pkgs.dev.azure.com/diemobiliar/RWC/_packaging/npm-main/npm/registry/string-width/-/string-width-4.2.3.tgz",
            "integrity": "sha1-JpxxF9J7Ba0uU2gwqOyJXvnG0BA=",
            "license": "MIT",
            "dependencies": {
                "emoji-regex": "^8.0.0",
                "is-fullwidth-code-point": "^3.0.0",
                "strip-ansi": "^6.0.1"
            },
            "engines": {
                "node": ">=8"
            }
        },
        "node_modules/strip-ansi": {
            "version": "6.0.1",
            "resolved": "https://pkgs.dev.azure.com/diemobiliar/RWC/_packaging/npm-main/npm/registry/strip-ansi/-/strip-ansi-6.0.1.tgz",
            "integrity": "sha1-nibGPTD1NEPpSJSVshBdN7Z6hdk=",
            "license": "MIT",
            "dependencies": {
                "ansi-regex": "^5.0.1"
            },
            "engines": {
                "node": ">=8"
            }
        },
        "node_modules/tar-fs": {
            "version": "3.0.4",
            "resolved": "https://pkgs.dev.azure.com/diemobiliar/RWC/_packaging/npm-main/npm/registry/tar-fs/-/tar-fs-3.0.4.tgz",
            "integrity": "sha1-oh3GCi1dn1XgCJzNeBJPHTdx278=",
            "license": "MIT",
            "dependencies": {
                "mkdirp-classic": "^0.5.2",
                "pump": "^3.0.0",
                "tar-stream": "^3.1.5"
            }
        },
        "node_modules/tar-stream": {
            "version": "3.1.7",
            "resolved": "https://pkgs.dev.azure.com/diemobiliar/RWC/_packaging/npm-main/npm/registry/tar-stream/-/tar-stream-3.1.7.tgz",
            "integrity": "sha1-JLP7XqutoZ/nM47W0m5ffEgueSs=",
            "license": "MIT",
            "dependencies": {
                "b4a": "^1.6.4",
                "fast-fifo": "^1.2.0",
                "streamx": "^2.15.0"
            }
        },
        "node_modules/text-decoder": {
            "version": "1.2.3",
            "resolved": "https://pkgs.dev.azure.com/diemobiliar/RWC/_packaging/npm-main/npm/registry/text-decoder/-/text-decoder-1.2.3.tgz",
            "integrity": "sha1-sZ2jZNmBsjJtX0MJnDEMyA13DGU=",
            "license": "Apache-2.0",
            "dependencies": {
                "b4a": "^1.6.4"
            }
        },
        "node_modules/through": {
            "version": "2.3.8",
            "resolved": "https://pkgs.dev.azure.com/diemobiliar/RWC/_packaging/npm-main/npm/registry/through/-/through-2.3.8.tgz",
            "integrity": "sha1-DdTJ/6q8NXlgsbckEV1+Doai4fU=",
            "license": "MIT"
        },
        "node_modules/tr46": {
            "version": "0.0.3",
            "resolved": "https://pkgs.dev.azure.com/diemobiliar/RWC/_packaging/npm-main/npm/registry/tr46/-/tr46-0.0.3.tgz",
            "integrity": "sha1-gYT9NH2snNwYWZLzpmIuFLnZq2o=",
            "license": "MIT"
        },
        "node_modules/tslib": {
            "version": "2.8.1",
            "resolved": "https://pkgs.dev.azure.com/diemobiliar/RWC/_packaging/npm-main/npm/registry/tslib/-/tslib-2.8.1.tgz",
            "integrity": "sha1-YS7+TtI11Wfoq6Xypfq3AoCt6D8=",
            "license": "0BSD"
        },
        "node_modules/unbzip2-stream": {
            "version": "1.4.3",
            "resolved": "https://pkgs.dev.azure.com/diemobiliar/RWC/_packaging/npm-main/npm/registry/unbzip2-stream/-/unbzip2-stream-1.4.3.tgz",
            "integrity": "sha1-sNoExDcTEd93HNwhXofyEwmRrOc=",
            "license": "MIT",
            "dependencies": {
                "buffer": "^5.2.1",
                "through": "^2.3.8"
            }
        },
        "node_modules/undici-types": {
            "version": "6.20.0",
            "resolved": "https://pkgs.dev.azure.com/diemobiliar/RWC/_packaging/npm-main/npm/registry/undici-types/-/undici-types-6.20.0.tgz",
            "integrity": "sha1-gXG/IsH1iNFVTVW/IEvGJK84hDM=",
            "license": "MIT",
            "optional": true
        },
        "node_modules/urlpattern-polyfill": {
            "version": "10.0.0",
            "resolved": "https://pkgs.dev.azure.com/diemobiliar/RWC/_packaging/npm-main/npm/registry/urlpattern-polyfill/-/urlpattern-polyfill-10.0.0.tgz",
            "integrity": "sha1-8KA6l7+wPN8zVT5eeaKq3SLKyOw=",
            "license": "MIT"
        },
        "node_modules/webidl-conversions": {
            "version": "3.0.1",
            "resolved": "https://pkgs.dev.azure.com/diemobiliar/RWC/_packaging/npm-main/npm/registry/webidl-conversions/-/webidl-conversions-3.0.1.tgz",
            "integrity": "sha1-JFNCdeKnvGvnvIZhHMFq4KVlSHE=",
            "license": "BSD-2-Clause"
        },
        "node_modules/whatwg-url": {
            "version": "5.0.0",
            "resolved": "https://pkgs.dev.azure.com/diemobiliar/RWC/_packaging/npm-main/npm/registry/whatwg-url/-/whatwg-url-5.0.0.tgz",
            "integrity": "sha1-lmRU6HZUYuN2RNNib2dCzotwll0=",
            "license": "MIT",
            "dependencies": {
                "tr46": "~0.0.3",
                "webidl-conversions": "^3.0.0"
            }
        },
        "node_modules/wrap-ansi": {
            "version": "7.0.0",
            "resolved": "https://pkgs.dev.azure.com/diemobiliar/RWC/_packaging/npm-main/npm/registry/wrap-ansi/-/wrap-ansi-7.0.0.tgz",
            "integrity": "sha1-Z+FFz/UQpqaYS98RUpEdadLrnkM=",
            "license": "MIT",
            "dependencies": {
                "ansi-styles": "^4.0.0",
                "string-width": "^4.1.0",
                "strip-ansi": "^6.0.0"
            },
            "engines": {
                "node": ">=10"
            },
            "funding": {
                "url": "https://github.com/chalk/wrap-ansi?sponsor=1"
            }
        },
        "node_modules/wrappy": {
            "version": "1.0.2",
            "resolved": "https://pkgs.dev.azure.com/diemobiliar/RWC/_packaging/npm-main/npm/registry/wrappy/-/wrappy-1.0.2.tgz",
            "integrity": "sha1-tSQ9jz7BqjXxNkYFvA0QNuMKtp8=",
            "license": "ISC"
        },
        "node_modules/ws": {
            "version": "8.16.0",
            "resolved": "https://pkgs.dev.azure.com/diemobiliar/RWC/_packaging/npm-main/npm/registry/ws/-/ws-8.16.0.tgz",
            "integrity": "sha1-0c13Tzb7wHFlBmpg5AMj6rZEb9Q=",
            "license": "MIT",
            "engines": {
                "node": ">=10.0.0"
            },
            "peerDependencies": {
                "bufferutil": "^4.0.1",
                "utf-8-validate": ">=5.0.2"
            },
            "peerDependenciesMeta": {
                "bufferutil": {
                    "optional": true
                },
                "utf-8-validate": {
                    "optional": true
                }
            }
        },
        "node_modules/y18n": {
            "version": "5.0.8",
            "resolved": "https://pkgs.dev.azure.com/diemobiliar/RWC/_packaging/npm-main/npm/registry/y18n/-/y18n-5.0.8.tgz",
            "integrity": "sha1-f0k00PfKjFb5UxSTndzS3ZHOHVU=",
            "license": "ISC",
            "engines": {
                "node": ">=10"
            }
        },
        "node_modules/yargs": {
            "version": "17.7.2",
            "resolved": "https://pkgs.dev.azure.com/diemobiliar/RWC/_packaging/npm-main/npm/registry/yargs/-/yargs-17.7.2.tgz",
            "integrity": "sha1-mR3zmspnWhkrgW4eA2P5110qomk=",
            "license": "MIT",
            "dependencies": {
                "cliui": "^8.0.1",
                "escalade": "^3.1.1",
                "get-caller-file": "^2.0.5",
                "require-directory": "^2.1.1",
                "string-width": "^4.2.3",
                "y18n": "^5.0.5",
                "yargs-parser": "^21.1.1"
            },
            "engines": {
                "node": ">=12"
            }
        },
        "node_modules/yargs-parser": {
            "version": "21.1.1",
            "resolved": "https://pkgs.dev.azure.com/diemobiliar/RWC/_packaging/npm-main/npm/registry/yargs-parser/-/yargs-parser-21.1.1.tgz",
            "integrity": "sha1-kJa87r+ZDSG7MfqVFuDt4pSnfTU=",
            "license": "ISC",
            "engines": {
                "node": ">=12"
            }
        },
        "node_modules/yauzl": {
            "version": "2.10.0",
            "resolved": "https://pkgs.dev.azure.com/diemobiliar/RWC/_packaging/npm-main/npm/registry/yauzl/-/yauzl-2.10.0.tgz",
            "integrity": "sha1-x+sXyT4RLLEIb6bY5R+wZnt5pfk=",
            "license": "MIT",
            "dependencies": {
                "buffer-crc32": "~0.2.3",
                "fd-slicer": "~1.1.0"
            }
        }
    }
}
